
Microsoft Visual Studio Solution File, Format Version 12.00
# Visual Studio Version 17
VisualStudioVersion = 17.6.33815.320
MinimumVisualStudioVersion = 10.0.40219.1
Project("{9A19103F-16F7-4668-BE54-9A1E7A4F7556}") = "AuthLabTwo.Api", "AuthLabTwo.Api\AuthLabTwo.Api.csproj", "{80642BE4-D0E2-42CC-8B25-5EF5901CFFF4}"
EndProject
Project("{9A19103F-16F7-4668-BE54-9A1E7A4F7556}") = "AuthLabTwo.Identity", "AuthLabTwo.Identity\AuthLabTwo.Identity.csproj", "{6AAC575C-9610-4391-8F49-272F008F4989}"
EndProject
Project("{9A19103F-16F7-4668-BE54-9A1E7A4F7556}") = "AuthLabTwo.ClientApp", "AuthLabTwo.ClientApp\AuthLabTwo.ClientApp.csproj", "{AFF78A29-182D-45FD-85AD-F8623903ECBF}"
EndProject
Project("{9A19103F-16F7-4668-BE54-9A1E7A4F7556}") = "AuthLabTwo.Bff", "AuthLabTwo.Bff\AuthLabTwo.Bff.csproj", "{90453F29-1C5A-484C-B849-8A84ADE3CE09}"
EndProject
Global
	GlobalSection(SolutionConfigurationPlatforms) = preSolution
		Debug|Any CPU = Debug|Any CPU
		Release|Any CPU = Release|Any CPU
	EndGlobalSection
	GlobalSection(ProjectConfigurationPlatforms) = postSolution
		{80642BE4-D0E2-42CC-8B25-5EF5901CFFF4}.Debug|Any CPU.ActiveCfg = Debug|Any CPU
		{80642BE4-D0E2-42CC-8B25-5EF5901CFFF4}.Debug|Any CPU.Build.0 = Debug|Any CPU
		{80642BE4-D0E2-42CC-8B25-5EF5901CFFF4}.Release|Any CPU.ActiveCfg = Release|Any CPU
		{80642BE4-D0E2-42CC-8B25-5EF5901CFFF4}.Release|Any CPU.Build.0 = Release|Any CPU
		{6AAC575C-9610-4391-8F49-272F008F4989}.Debug|Any CPU.ActiveCfg = Debug|Any CPU
		{6AAC575C-9610-4391-8F49-272F008F4989}.Debug|Any CPU.Build.0 = Debug|Any CPU
		{6AAC575C-9610-4391-8F49-272F008F4989}.Release|Any CPU.ActiveCfg = Release|Any CPU
		{6AAC575C-9610-4391-8F49-272F008F4989}.Release|Any CPU.Build.0 = Release|Any CPU
		{AFF78A29-182D-45FD-85AD-F8623903ECBF}.Debug|Any CPU.ActiveCfg = Debug|Any CPU
		{AFF78A29-182D-45FD-85AD-F8623903ECBF}.Debug|Any CPU.Build.0 = Debug|Any CPU
		{AFF78A29-182D-45FD-85AD-F8623903ECBF}.Release|Any CPU.ActiveCfg = Release|Any CPU
		{AFF78A29-182D-45FD-85AD-F8623903ECBF}.Release|Any CPU.Build.0 = Release|Any CPU
		{90453F29-1C5A-484C-B849-8A84ADE3CE09}.Debug|Any CPU.ActiveCfg = Debug|Any CPU
		{90453F29-1C5A-484C-B849-8A84ADE3CE09}.Debug|Any CPU.Build.0 = Debug|Any CPU
		{90453F29-1C5A-484C-B849-8A84ADE3CE09}.Release|Any CPU.ActiveCfg = Release|Any CPU
		{90453F29-1C5A-484C-B849-8A84ADE3CE09}.Release|Any CPU.Build.0 = Release|Any CPU
	EndGlobalSection
	GlobalSection(SolutionProperties) = preSolution
		HideSolutionNode = FALSE
	EndGlobalSection
	GlobalSection(ExtensibilityGlobals) = postSolution
		SolutionGuid = {A0222297-158F-41B0-900E-7F0688F0E711}
	EndGlobalSection
EndGlobal
